
Microsoft Visual Studio Solution File, Format Version 12.00
# Visual Studio Express 2013 for Web
VisualStudioVersion = 12.0.30723.0
MinimumVisualStudioVersion = 10.0.40219.1
Project("{FAE04EC0-301F-11D3-BF4B-00C04F79EFBC}") = "PriceTag.Web", "PriceTag\PriceTag.Web.csproj", "{80E67AD6-7544-4F61-8BFA-9FA76E0D3721}"
EndProject
Project("{FAE04EC0-301F-11D3-BF4B-00C04F79EFBC}") = "PriceTag.Service", "PriceTag.Service\PriceTag.Service.csproj", "{E3E51BF8-078B-4082-BB78-97D83704DA9B}"
EndProject
Project("{FAE04EC0-301F-11D3-BF4B-00C04F79EFBC}") = "PriceTag.Entities", "PriceTag.Entities\PriceTag.Entities.csproj", "{96E083E4-D6C6-4D20-90A0-5BB226687F00}"
EndProject
Project("{2150E333-8FDC-42A3-9474-1A3956D46DE8}") = "Framework", "Framework", "{037FBBDA-E3B7-45FA-B962-9FB67D02DE24}"
EndProject
Project("{FAE04EC0-301F-11D3-BF4B-00C04F79EFBC}") = "Repository.Pattern", "..\Source\Repository.Pattern\Repository.Pattern.csproj", "{6E682A14-C872-4813-B620-76E108DEA683}"
EndProject
Project("{FAE04EC0-301F-11D3-BF4B-00C04F79EFBC}") = "Repository.Pattern.Ef6", "..\Source\Repository.Pattern.Ef6\Repository.Pattern.Ef6.csproj", "{F68A1D19-93FB-47C1-A22B-42BEA3E4FD8C}"
EndProject
Project("{FAE04EC0-301F-11D3-BF4B-00C04F79EFBC}") = "Service.Pattern", "..\Source\Service.Pattern\Service.Pattern.csproj", "{86F86650-EE3C-4372-8FEC-40C2FE015022}"
EndProject
Project("{FAE04EC0-301F-11D3-BF4B-00C04F79EFBC}") = "PriceTag.Repository", "PriceTag.Repository\PriceTag.Repository.csproj", "{9CE24355-6FC4-4CBD-B8B7-3A0A98F16A1C}"
EndProject
Global
	GlobalSection(SolutionConfigurationPlatforms) = preSolution
		Debug|Any CPU = Debug|Any CPU
		Debug|x86 = Debug|x86
		Release|Any CPU = Release|Any CPU
		Release|x86 = Release|x86
	EndGlobalSection
	GlobalSection(ProjectConfigurationPlatforms) = postSolution
		{80E67AD6-7544-4F61-8BFA-9FA76E0D3721}.Debug|Any CPU.ActiveCfg = Debug|Any CPU
		{80E67AD6-7544-4F61-8BFA-9FA76E0D3721}.Debug|Any CPU.Build.0 = Debug|Any CPU
		{80E67AD6-7544-4F61-8BFA-9FA76E0D3721}.Debug|x86.ActiveCfg = Debug|Any CPU
		{80E67AD6-7544-4F61-8BFA-9FA76E0D3721}.Release|Any CPU.ActiveCfg = Release|Any CPU
		{80E67AD6-7544-4F61-8BFA-9FA76E0D3721}.Release|Any CPU.Build.0 = Release|Any CPU
		{80E67AD6-7544-4F61-8BFA-9FA76E0D3721}.Release|x86.ActiveCfg = Release|Any CPU
		{E3E51BF8-078B-4082-BB78-97D83704DA9B}.Debug|Any CPU.ActiveCfg = Debug|Any CPU
		{E3E51BF8-078B-4082-BB78-97D83704DA9B}.Debug|Any CPU.Build.0 = Debug|Any CPU
		{E3E51BF8-078B-4082-BB78-97D83704DA9B}.Debug|x86.ActiveCfg = Debug|Any CPU
		{E3E51BF8-078B-4082-BB78-97D83704DA9B}.Release|Any CPU.ActiveCfg = Release|Any CPU
		{E3E51BF8-078B-4082-BB78-97D83704DA9B}.Release|Any CPU.Build.0 = Release|Any CPU
		{E3E51BF8-078B-4082-BB78-97D83704DA9B}.Release|x86.ActiveCfg = Release|Any CPU
		{96E083E4-D6C6-4D20-90A0-5BB226687F00}.Debug|Any CPU.ActiveCfg = Debug|Any CPU
		{96E083E4-D6C6-4D20-90A0-5BB226687F00}.Debug|Any CPU.Build.0 = Debug|Any CPU
		{96E083E4-D6C6-4D20-90A0-5BB226687F00}.Debug|x86.ActiveCfg = Debug|Any CPU
		{96E083E4-D6C6-4D20-90A0-5BB226687F00}.Release|Any CPU.ActiveCfg = Release|Any CPU
		{96E083E4-D6C6-4D20-90A0-5BB226687F00}.Release|Any CPU.Build.0 = Release|Any CPU
		{96E083E4-D6C6-4D20-90A0-5BB226687F00}.Release|x86.ActiveCfg = Release|Any CPU
		{6E682A14-C872-4813-B620-76E108DEA683}.Debug|Any CPU.ActiveCfg = Debug|Any CPU
		{6E682A14-C872-4813-B620-76E108DEA683}.Debug|Any CPU.Build.0 = Debug|Any CPU
		{6E682A14-C872-4813-B620-76E108DEA683}.Debug|x86.ActiveCfg = Debug|x86
		{6E682A14-C872-4813-B620-76E108DEA683}.Debug|x86.Build.0 = Debug|x86
		{6E682A14-C872-4813-B620-76E108DEA683}.Release|Any CPU.ActiveCfg = Release|Any CPU
		{6E682A14-C872-4813-B620-76E108DEA683}.Release|Any CPU.Build.0 = Release|Any CPU
		{6E682A14-C872-4813-B620-76E108DEA683}.Release|x86.ActiveCfg = Release|x86
		{6E682A14-C872-4813-B620-76E108DEA683}.Release|x86.Build.0 = Release|x86
		{F68A1D19-93FB-47C1-A22B-42BEA3E4FD8C}.Debug|Any CPU.ActiveCfg = Debug|Any CPU
		{F68A1D19-93FB-47C1-A22B-42BEA3E4FD8C}.Debug|Any CPU.Build.0 = Debug|Any CPU
		{F68A1D19-93FB-47C1-A22B-42BEA3E4FD8C}.Debug|x86.ActiveCfg = Debug|Any CPU
		{F68A1D19-93FB-47C1-A22B-42BEA3E4FD8C}.Release|Any CPU.ActiveCfg = Release|Any CPU
		{F68A1D19-93FB-47C1-A22B-42BEA3E4FD8C}.Release|Any CPU.Build.0 = Release|Any CPU
		{F68A1D19-93FB-47C1-A22B-42BEA3E4FD8C}.Release|x86.ActiveCfg = Release|Any CPU
		{86F86650-EE3C-4372-8FEC-40C2FE015022}.Debug|Any CPU.ActiveCfg = Debug|Any CPU
		{86F86650-EE3C-4372-8FEC-40C2FE015022}.Debug|Any CPU.Build.0 = Debug|Any CPU
		{86F86650-EE3C-4372-8FEC-40C2FE015022}.Debug|x86.ActiveCfg = Debug|Any CPU
		{86F86650-EE3C-4372-8FEC-40C2FE015022}.Release|Any CPU.ActiveCfg = Release|Any CPU
		{86F86650-EE3C-4372-8FEC-40C2FE015022}.Release|Any CPU.Build.0 = Release|Any CPU
		{86F86650-EE3C-4372-8FEC-40C2FE015022}.Release|x86.ActiveCfg = Release|Any CPU
		{9CE24355-6FC4-4CBD-B8B7-3A0A98F16A1C}.Debug|Any CPU.ActiveCfg = Debug|Any CPU
		{9CE24355-6FC4-4CBD-B8B7-3A0A98F16A1C}.Debug|Any CPU.Build.0 = Debug|Any CPU
		{9CE24355-6FC4-4CBD-B8B7-3A0A98F16A1C}.Debug|x86.ActiveCfg = Debug|Any CPU
		{9CE24355-6FC4-4CBD-B8B7-3A0A98F16A1C}.Release|Any CPU.ActiveCfg = Release|Any CPU
		{9CE24355-6FC4-4CBD-B8B7-3A0A98F16A1C}.Release|Any CPU.Build.0 = Release|Any CPU
		{9CE24355-6FC4-4CBD-B8B7-3A0A98F16A1C}.Release|x86.ActiveCfg = Release|Any CPU
	EndGlobalSection
	GlobalSection(SolutionProperties) = preSolution
		HideSolutionNode = FALSE
	EndGlobalSection
	GlobalSection(NestedProjects) = preSolution
		{6E682A14-C872-4813-B620-76E108DEA683} = {037FBBDA-E3B7-45FA-B962-9FB67D02DE24}
		{F68A1D19-93FB-47C1-A22B-42BEA3E4FD8C} = {037FBBDA-E3B7-45FA-B962-9FB67D02DE24}
		{86F86650-EE3C-4372-8FEC-40C2FE015022} = {037FBBDA-E3B7-45FA-B962-9FB67D02DE24}
	EndGlobalSection
EndGlobal
